
Microsoft Visual Studio Solution File, Format Version 11.00
# Visual Studio 2010
Project("{FAE04EC0-301F-11D3-BF4B-00C04F79EFBC}") = "KLab", "KLab\KLab.csproj", "{4A75B547-F93F-4732-BD12-274936414FA4}"
EndProject
Project("{FAE04EC0-301F-11D3-BF4B-00C04F79EFBC}") = "EpistemicProcessChain", "EpistemicProcessChain\EpistemicProcessChain.csproj", "{673247A4-3D78-42B4-BDA8-560948B0FEC5}"
EndProject
Global
	GlobalSection(SolutionConfigurationPlatforms) = preSolution
		Debug|Any CPU = Debug|Any CPU
		Release|Any CPU = Release|Any CPU
	EndGlobalSection
	GlobalSection(ProjectConfigurationPlatforms) = postSolution
		{4A75B547-F93F-4732-BD12-274936414FA4}.Debug|Any CPU.ActiveCfg = Debug|Any CPU
		{4A75B547-F93F-4732-BD12-274936414FA4}.Debug|Any CPU.Build.0 = Debug|Any CPU
		{4A75B547-F93F-4732-BD12-274936414FA4}.Release|Any CPU.ActiveCfg = Release|Any CPU
		{4A75B547-F93F-4732-BD12-274936414FA4}.Release|Any CPU.Build.0 = Release|Any CPU
		{673247A4-3D78-42B4-BDA8-560948B0FEC5}.Debug|Any CPU.ActiveCfg = Debug|Any CPU
		{673247A4-3D78-42B4-BDA8-560948B0FEC5}.Debug|Any CPU.Build.0 = Debug|Any CPU
		{673247A4-3D78-42B4-BDA8-560948B0FEC5}.Release|Any CPU.ActiveCfg = Release|Any CPU
		{673247A4-3D78-42B4-BDA8-560948B0FEC5}.Release|Any CPU.Build.0 = Release|Any CPU
	EndGlobalSection
	GlobalSection(SolutionProperties) = preSolution
		HideSolutionNode = FALSE
	EndGlobalSection
EndGlobal
